// !$*UTF8*$!
{
	archiveVersion = 1;
	classes = {
	};
	objectVersion = 46;
	objects = {

/* Begin PBXAggregateTarget section */
		D05E29C41AD42C36003F2B1A /* mwsc */ = {
			isa = PBXAggregateTarget;
			buildConfigurationList = D05E29C51AD42C37003F2B1A /* Build configuration list for PBXAggregateTarget "mwsc" */;
			buildPhases = (
				D05E29C81AD42C46003F2B1A /* ShellScript */,
			);
			dependencies = (
			);
			name = mwsc;
			productName = mwsc;
		};
/* End PBXAggregateTarget section */

/* Begin PBXBuildFile section */
		B51550FC23552B92215E1FE6 /* libPods-StockQuote.a in Frameworks */ = {isa = PBXBuildFile; fileRef = 860C416E127DAE1DC4E876B9 /* libPods-StockQuote.a */; };
		CE0C044D1701DF85008597EC /* Entitlements.plist in Resources */ = {isa = PBXBuildFile; fileRef = CE0C044C1701DF85008597EC /* Entitlements.plist */; };
		CEFA65C216F82843009114F7 /* UIKit.framework in Frameworks */ = {isa = PBXBuildFile; fileRef = CEFA65C116F82843009114F7 /* UIKit.framework */; };
		CEFA65C416F82843009114F7 /* Foundation.framework in Frameworks */ = {isa = PBXBuildFile; fileRef = CEFA65C316F82843009114F7 /* Foundation.framework */; };
		CEFA65C616F82843009114F7 /* CoreGraphics.framework in Frameworks */ = {isa = PBXBuildFile; fileRef = CEFA65C516F82843009114F7 /* CoreGraphics.framework */; };
		CEFA65CC16F82843009114F7 /* InfoPlist.strings in Resources */ = {isa = PBXBuildFile; fileRef = CEFA65CA16F82843009114F7 /* InfoPlist.strings */; };
		CEFA65CE16F82843009114F7 /* main.m in Sources */ = {isa = PBXBuildFile; fileRef = CEFA65CD16F82843009114F7 /* main.m */; };
		CEFA65D216F82843009114F7 /* AppDelegate.m in Sources */ = {isa = PBXBuildFile; fileRef = CEFA65D116F82843009114F7 /* AppDelegate.m */; };
		CEFA65DB16F82843009114F7 /* ViewController.m in Sources */ = {isa = PBXBuildFile; fileRef = CEFA65DA16F82843009114F7 /* ViewController.m */; };
		CEFA65EC16F8286B009114F7 /* QuartzCore.framework in Frameworks */ = {isa = PBXBuildFile; fileRef = CEFA65EB16F8286B009114F7 /* QuartzCore.framework */; };
		CEFA660016F828D2009114F7 /* StockQuoteServiceClient.m in Sources */ = {isa = PBXBuildFile; fileRef = CEFA65FF16F828D2009114F7 /* StockQuoteServiceClient.m */; };
		D05E29D61AD42CE1003F2B1A /* StockQuoteSoap_SOAPClient.m in Sources */ = {isa = PBXBuildFile; fileRef = D05E29CD1AD42CE1003F2B1A /* StockQuoteSoap_SOAPClient.m */; };
		D05E29D71AD42CE1003F2B1A /* StockQuoteSoap_XMLClient.m in Sources */ = {isa = PBXBuildFile; fileRef = D05E29CF1AD42CE1003F2B1A /* StockQuoteSoap_XMLClient.m */; };
		D05E29D81AD42CE1003F2B1A /* GetQuote.m in Sources */ = {isa = PBXBuildFile; fileRef = D05E29D31AD42CE1003F2B1A /* GetQuote.m */; };
		D05E29D91AD42CE1003F2B1A /* GetQuoteResponse.m in Sources */ = {isa = PBXBuildFile; fileRef = D05E29D51AD42CE1003F2B1A /* GetQuoteResponse.m */; };
		D0B557B01BB98BEE00BC4083 /* Main.storyboard in Resources */ = {isa = PBXBuildFile; fileRef = D0B557AF1BB98BEE00BC4083 /* Main.storyboard */; settings = {ASSET_TAGS = (); }; };
		D0B557B21BB98BFF00BC4083 /* Launch Screen.storyboard in Resources */ = {isa = PBXBuildFile; fileRef = D0B557B11BB98BFF00BC4083 /* Launch Screen.storyboard */; settings = {ASSET_TAGS = (); }; };
/* End PBXBuildFile section */

/* Begin PBXFileReference section */
		346F329CD7E09444CA2CDFDF /* Pods-StockQuote.release.xcconfig */ = {isa = PBXFileReference; includeInIndex = 1; lastKnownFileType = text.xcconfig; name = "Pods-StockQuote.release.xcconfig"; path = "Pods/Target Support Files/Pods-StockQuote/Pods-StockQuote.release.xcconfig"; sourceTree = "<group>"; };
		4B624CA642F71908A1A95029 /* Pods-StockQuote.debug.xcconfig */ = {isa = PBXFileReference; includeInIndex = 1; lastKnownFileType = text.xcconfig; name = "Pods-StockQuote.debug.xcconfig"; path = "Pods/Target Support Files/Pods-StockQuote/Pods-StockQuote.debug.xcconfig"; sourceTree = "<group>"; };
		860C416E127DAE1DC4E876B9 /* libPods-StockQuote.a */ = {isa = PBXFileReference; explicitFileType = archive.ar; includeInIndex = 0; path = "libPods-StockQuote.a"; sourceTree = BUILT_PRODUCTS_DIR; };
		CE0C044C1701DF85008597EC /* Entitlements.plist */ = {isa = PBXFileReference; fileEncoding = 4; lastKnownFileType = text.plist.xml; path = Entitlements.plist; sourceTree = "<group>"; };
		CEFA65BD16F82843009114F7 /* StockQuote.app */ = {isa = PBXFileReference; explicitFileType = wrapper.application; includeInIndex = 0; path = StockQuote.app; sourceTree = BUILT_PRODUCTS_DIR; };
		CEFA65C116F82843009114F7 /* UIKit.framework */ = {isa = PBXFileReference; lastKnownFileType = wrapper.framework; name = UIKit.framework; path = System/Library/Frameworks/UIKit.framework; sourceTree = SDKROOT; };
		CEFA65C316F82843009114F7 /* Foundation.framework */ = {isa = PBXFileReference; lastKnownFileType = wrapper.framework; name = Foundation.framework; path = System/Library/Frameworks/Foundation.framework; sourceTree = SDKROOT; };
		CEFA65C516F82843009114F7 /* CoreGraphics.framework */ = {isa = PBXFileReference; lastKnownFileType = wrapper.framework; name = CoreGraphics.framework; path = System/Library/Frameworks/CoreGraphics.framework; sourceTree = SDKROOT; };
		CEFA65C916F82843009114F7 /* StockQuote-Info.plist */ = {isa = PBXFileReference; lastKnownFileType = text.plist.xml; path = "StockQuote-Info.plist"; sourceTree = "<group>"; };
		CEFA65CB16F82843009114F7 /* en */ = {isa = PBXFileReference; lastKnownFileType = text.plist.strings; name = en; path = en.lproj/InfoPlist.strings; sourceTree = "<group>"; };
		CEFA65CD16F82843009114F7 /* main.m */ = {isa = PBXFileReference; lastKnownFileType = sourcecode.c.objc; path = main.m; sourceTree = "<group>"; };
		CEFA65CF16F82843009114F7 /* StockQuote-Prefix.pch */ = {isa = PBXFileReference; lastKnownFileType = sourcecode.c.h; path = "StockQuote-Prefix.pch"; sourceTree = "<group>"; };
		CEFA65D016F82843009114F7 /* AppDelegate.h */ = {isa = PBXFileReference; lastKnownFileType = sourcecode.c.h; path = AppDelegate.h; sourceTree = "<group>"; };
		CEFA65D116F82843009114F7 /* AppDelegate.m */ = {isa = PBXFileReference; lastKnownFileType = sourcecode.c.objc; path = AppDelegate.m; sourceTree = "<group>"; };
		CEFA65D916F82843009114F7 /* ViewController.h */ = {isa = PBXFileReference; lastKnownFileType = sourcecode.c.h; path = ViewController.h; sourceTree = "<group>"; };
		CEFA65DA16F82843009114F7 /* ViewController.m */ = {isa = PBXFileReference; lastKnownFileType = sourcecode.c.objc; path = ViewController.m; sourceTree = "<group>"; };
		CEFA65E916F82862009114F7 /* libxml2.dylib */ = {isa = PBXFileReference; lastKnownFileType = "compiled.mach-o.dylib"; name = libxml2.dylib; path = usr/lib/libxml2.dylib; sourceTree = SDKROOT; };
		CEFA65EB16F8286B009114F7 /* QuartzCore.framework */ = {isa = PBXFileReference; lastKnownFileType = wrapper.framework; name = QuartzCore.framework; path = System/Library/Frameworks/QuartzCore.framework; sourceTree = SDKROOT; };
		CEFA65FE16F828D2009114F7 /* StockQuoteServiceClient.h */ = {isa = PBXFileReference; fileEncoding = 4; lastKnownFileType = sourcecode.c.h; path = StockQuoteServiceClient.h; sourceTree = "<group>"; };
		CEFA65FF16F828D2009114F7 /* StockQuoteServiceClient.m */ = {isa = PBXFileReference; fileEncoding = 4; lastKnownFileType = sourcecode.c.objc; path = StockQuoteServiceClient.m; sourceTree = "<group>"; };
		D05E29CC1AD42CE1003F2B1A /* StockQuoteSoap_SOAPClient.h */ = {isa = PBXFileReference; fileEncoding = 4; lastKnownFileType = sourcecode.c.h; path = StockQuoteSoap_SOAPClient.h; sourceTree = "<group>"; };
		D05E29CD1AD42CE1003F2B1A /* StockQuoteSoap_SOAPClient.m */ = {isa = PBXFileReference; fileEncoding = 4; lastKnownFileType = sourcecode.c.objc; path = StockQuoteSoap_SOAPClient.m; sourceTree = "<group>"; };
		D05E29CE1AD42CE1003F2B1A /* StockQuoteSoap_XMLClient.h */ = {isa = PBXFileReference; fileEncoding = 4; lastKnownFileType = sourcecode.c.h; path = StockQuoteSoap_XMLClient.h; sourceTree = "<group>"; };
		D05E29CF1AD42CE1003F2B1A /* StockQuoteSoap_XMLClient.m */ = {isa = PBXFileReference; fileEncoding = 4; lastKnownFileType = sourcecode.c.objc; path = StockQuoteSoap_XMLClient.m; sourceTree = "<group>"; };
		D05E29D11AD42CE1003F2B1A /* CommonTypes.h */ = {isa = PBXFileReference; fileEncoding = 4; lastKnownFileType = sourcecode.c.h; path = CommonTypes.h; sourceTree = "<group>"; };
		D05E29D21AD42CE1003F2B1A /* GetQuote.h */ = {isa = PBXFileReference; fileEncoding = 4; lastKnownFileType = sourcecode.c.h; path = GetQuote.h; sourceTree = "<group>"; };
		D05E29D31AD42CE1003F2B1A /* GetQuote.m */ = {isa = PBXFileReference; fileEncoding = 4; lastKnownFileType = sourcecode.c.objc; path = GetQuote.m; sourceTree = "<group>"; };
		D05E29D41AD42CE1003F2B1A /* GetQuoteResponse.h */ = {isa = PBXFileReference; fileEncoding = 4; lastKnownFileType = sourcecode.c.h; path = GetQuoteResponse.h; sourceTree = "<group>"; };
		D05E29D51AD42CE1003F2B1A /* GetQuoteResponse.m */ = {isa = PBXFileReference; fileEncoding = 4; lastKnownFileType = sourcecode.c.objc; path = GetQuoteResponse.m; sourceTree = "<group>"; };
		D0B557AF1BB98BEE00BC4083 /* Main.storyboard */ = {isa = PBXFileReference; fileEncoding = 4; lastKnownFileType = file.storyboard; path = Main.storyboard; sourceTree = "<group>"; };
		D0B557B11BB98BFF00BC4083 /* Launch Screen.storyboard */ = {isa = PBXFileReference; fileEncoding = 4; lastKnownFileType = file.storyboard; path = "Launch Screen.storyboard"; sourceTree = "<group>"; };
/* End PBXFileReference section */

/* Begin PBXFrameworksBuildPhase section */
		CEFA65BA16F82843009114F7 /* Frameworks */ = {
			isa = PBXFrameworksBuildPhase;
			buildActionMask = 2147483647;
			files = (
				CEFA65EC16F8286B009114F7 /* QuartzCore.framework in Frameworks */,
				CEFA65C216F82843009114F7 /* UIKit.framework in Frameworks */,
				CEFA65C416F82843009114F7 /* Foundation.framework in Frameworks */,
				CEFA65C616F82843009114F7 /* CoreGraphics.framework in Frameworks */,
				B51550FC23552B92215E1FE6 /* libPods-StockQuote.a in Frameworks */,
			);
			runOnlyForDeploymentPostprocessing = 0;
		};
/* End PBXFrameworksBuildPhase section */

/* Begin PBXGroup section */
		322E1CFC1F9948DF668F7A9C /* Pods */ = {
			isa = PBXGroup;
			children = (
				4B624CA642F71908A1A95029 /* Pods-StockQuote.debug.xcconfig */,
				346F329CD7E09444CA2CDFDF /* Pods-StockQuote.release.xcconfig */,
			);
			name = Pods;
			sourceTree = "<group>";
		};
		CEFA65B216F82843009114F7 = {
			isa = PBXGroup;
			children = (
				CEFA65C716F82843009114F7 /* StockQuote */,
				CEFA65C016F82843009114F7 /* Frameworks */,
				CEFA65BE16F82843009114F7 /* Products */,
				322E1CFC1F9948DF668F7A9C /* Pods */,
			);
			sourceTree = "<group>";
		};
		CEFA65BE16F82843009114F7 /* Products */ = {
			isa = PBXGroup;
			children = (
				CEFA65BD16F82843009114F7 /* StockQuote.app */,
			);
			name = Products;
			sourceTree = "<group>";
		};
		CEFA65C016F82843009114F7 /* Frameworks */ = {
			isa = PBXGroup;
			children = (
				CEFA65EB16F8286B009114F7 /* QuartzCore.framework */,
				CEFA65E916F82862009114F7 /* libxml2.dylib */,
				CEFA65C116F82843009114F7 /* UIKit.framework */,
				CEFA65C316F82843009114F7 /* Foundation.framework */,
				CEFA65C516F82843009114F7 /* CoreGraphics.framework */,
				860C416E127DAE1DC4E876B9 /* libPods-StockQuote.a */,
			);
			name = Frameworks;
			sourceTree = "<group>";
		};
		CEFA65C716F82843009114F7 /* StockQuote */ = {
			isa = PBXGroup;
			children = (
				CEFA65ED16F8289F009114F7 /* StockQuoteService */,
				CEFA65D016F82843009114F7 /* AppDelegate.h */,
				CEFA65D116F82843009114F7 /* AppDelegate.m */,
				CEFA65D916F82843009114F7 /* ViewController.h */,
				CEFA65DA16F82843009114F7 /* ViewController.m */,
				D0B557AF1BB98BEE00BC4083 /* Main.storyboard */,
				D0B557B11BB98BFF00BC4083 /* Launch Screen.storyboard */,
				CEFA65C816F82843009114F7 /* Supporting Files */,
			);
			path = StockQuote;
			sourceTree = "<group>";
		};
		CEFA65C816F82843009114F7 /* Supporting Files */ = {
			isa = PBXGroup;
			children = (
				CEFA65C916F82843009114F7 /* StockQuote-Info.plist */,
				CEFA65CA16F82843009114F7 /* InfoPlist.strings */,
				CEFA65CD16F82843009114F7 /* main.m */,
				CEFA65CF16F82843009114F7 /* StockQuote-Prefix.pch */,
				CE0C044C1701DF85008597EC /* Entitlements.plist */,
			);
			name = "Supporting Files";
			sourceTree = "<group>";
		};
		CEFA65ED16F8289F009114F7 /* StockQuoteService */ = {
			isa = PBXGroup;
			children = (
				D05E29C91AD42CE1003F2B1A /* net */,
				CEFA65FE16F828D2009114F7 /* StockQuoteServiceClient.h */,
				CEFA65FF16F828D2009114F7 /* StockQuoteServiceClient.m */,
			);
			name = StockQuoteService;
			sourceTree = "<group>";
		};
		D05E29C91AD42CE1003F2B1A /* net */ = {
			isa = PBXGroup;
			children = (
				D05E29CA1AD42CE1003F2B1A /* webservicex */,
			);
			path = net;
			sourceTree = "<group>";
		};
		D05E29CA1AD42CE1003F2B1A /* webservicex */ = {
			isa = PBXGroup;
			children = (
				D05E29CB1AD42CE1003F2B1A /* client */,
				D05E29D01AD42CE1003F2B1A /* common */,
				D05E29D21AD42CE1003F2B1A /* GetQuote.h */,
				D05E29D31AD42CE1003F2B1A /* GetQuote.m */,
				D05E29D41AD42CE1003F2B1A /* GetQuoteResponse.h */,
				D05E29D51AD42CE1003F2B1A /* GetQuoteResponse.m */,
			);
			path = webservicex;
			sourceTree = "<group>";
		};
		D05E29CB1AD42CE1003F2B1A /* client */ = {
			isa = PBXGroup;
			children = (
				D05E29CC1AD42CE1003F2B1A /* StockQuoteSoap_SOAPClient.h */,
				D05E29CD1AD42CE1003F2B1A /* StockQuoteSoap_SOAPClient.m */,
				D05E29CE1AD42CE1003F2B1A /* StockQuoteSoap_XMLClient.h */,
				D05E29CF1AD42CE1003F2B1A /* StockQuoteSoap_XMLClient.m */,
			);
			path = client;
			sourceTree = "<group>";
		};
		D05E29D01AD42CE1003F2B1A /* common */ = {
			isa = PBXGroup;
			children = (
				D05E29D11AD42CE1003F2B1A /* CommonTypes.h */,
			);
			path = common;
			sourceTree = "<group>";
		};
/* End PBXGroup section */

/* Begin PBXNativeTarget section */
		CEFA65BC16F82843009114F7 /* StockQuote */ = {
			isa = PBXNativeTarget;
			buildConfigurationList = CEFA65E416F82843009114F7 /* Build configuration list for PBXNativeTarget "StockQuote" */;
			buildPhases = (
				F1C935F8547975E6F1257DA7 /* Check Pods Manifest.lock */,
				CEFA65B916F82843009114F7 /* Sources */,
				CEFA65BA16F82843009114F7 /* Frameworks */,
				CEFA65BB16F82843009114F7 /* Resources */,
				4B65AB1B2F97F623C06FD690 /* Copy Pods Resources */,
			);
			buildRules = (
			);
			dependencies = (
			);
			name = StockQuote;
			productName = StockQuote;
			productReference = CEFA65BD16F82843009114F7 /* StockQuote.app */;
			productType = "com.apple.product-type.application";
		};
/* End PBXNativeTarget section */

/* Begin PBXProject section */
		CEFA65B416F82843009114F7 /* Project object */ = {
			isa = PBXProject;
			attributes = {
				LastUpgradeCheck = 0700;
				ORGANIZATIONNAME = Leansoft;
				TargetAttributes = {
					D05E29C41AD42C36003F2B1A = {
						CreatedOnToolsVersion = 6.2;
					};
				};
			};
			buildConfigurationList = CEFA65B716F82843009114F7 /* Build configuration list for PBXProject "StockQuote" */;
			compatibilityVersion = "Xcode 3.2";
			developmentRegion = English;
			hasScannedForEncodings = 0;
			knownRegions = (
				en,
			);
			mainGroup = CEFA65B216F82843009114F7;
			productRefGroup = CEFA65BE16F82843009114F7 /* Products */;
			projectDirPath = "";
			projectRoot = "";
			targets = (
				CEFA65BC16F82843009114F7 /* StockQuote */,
				D05E29C41AD42C36003F2B1A /* mwsc */,
			);
		};
/* End PBXProject section */

/* Begin PBXResourcesBuildPhase section */
		CEFA65BB16F82843009114F7 /* Resources */ = {
			isa = PBXResourcesBuildPhase;
			buildActionMask = 2147483647;
			files = (
				CEFA65CC16F82843009114F7 /* InfoPlist.strings in Resources */,
				D0B557B21BB98BFF00BC4083 /* Launch Screen.storyboard in Resources */,
				D0B557B01BB98BEE00BC4083 /* Main.storyboard in Resources */,
				CE0C044D1701DF85008597EC /* Entitlements.plist in Resources */,
			);
			runOnlyForDeploymentPostprocessing = 0;
		};
/* End PBXResourcesBuildPhase section */

/* Begin PBXShellScriptBuildPhase section */
		4B65AB1B2F97F623C06FD690 /* Copy Pods Resources */ = {
			isa = PBXShellScriptBuildPhase;
			buildActionMask = 2147483647;
			files = (
			);
			inputPaths = (
			);
			name = "Copy Pods Resources";
			outputPaths = (
			);
			runOnlyForDeploymentPostprocessing = 0;
			shellPath = /bin/sh;
			shellScript = "\"${SRCROOT}/Pods/Target Support Files/Pods-StockQuote/Pods-StockQuote-resources.sh\"\n";
			showEnvVarsInLog = 0;
		};
		D05E29C81AD42C46003F2B1A /* ShellScript */ = {
			isa = PBXShellScriptBuildPhase;
			buildActionMask = 2147483647;
			files = (
			);
			inputPaths = (
			);
			outputPaths = (
			);
			runOnlyForDeploymentPostprocessing = 0;
			shellPath = /bin/sh;
			shellScript = "export JAVA_HOME=\"/Library/Java/JavaVirtualMachines/jdk1.8.0_20.jdk/Contents/Home\"\nMWSC_BIN=$PROJECT_DIR/../mwsc/bin\n$MWSC_BIN/mwsc -pico -d $PROJECT_DIR/StockQuote http://www.webservicex.net/stockquote.asmx?WSDL";
		};
		F1C935F8547975E6F1257DA7 /* Check Pods Manifest.lock */ = {
			isa = PBXShellScriptBuildPhase;
			buildActionMask = 2147483647;
			files = (
			);
			inputPaths = (
			);
			name = "Check Pods Manifest.lock";
			outputPaths = (
			);
			runOnlyForDeploymentPostprocessing = 0;
			shellPath = /bin/sh;
			shellScript = "diff \"${PODS_ROOT}/../Podfile.lock\" \"${PODS_ROOT}/Manifest.lock\" > /dev/null\nif [[ $? != 0 ]] ; then\n    cat << EOM\nerror: The sandbox is not in sync with the Podfile.lock. Run 'pod install' or update your CocoaPods installation.\nEOM\n    exit 1\nfi\n";
			showEnvVarsInLog = 0;
		};
/* End PBXShellScriptBuildPhase section */

/* Begin PBXSourcesBuildPhase section */
		CEFA65B916F82843009114F7 /* Sources */ = {
			isa = PBXSourcesBuildPhase;
			buildActionMask = 2147483647;
			files = (
				CEFA65CE16F82843009114F7 /* main.m in Sources */,
				D05E29D61AD42CE1003F2B1A /* StockQuoteSoap_SOAPClient.m in Sources */,
				D05E29D91AD42CE1003F2B1A /* GetQuoteResponse.m in Sources */,
				CEFA65D216F82843009114F7 /* AppDelegate.m in Sources */,
				D05E29D81AD42CE1003F2B1A /* GetQuote.m in Sources */,
				CEFA65DB16F82843009114F7 /* ViewController.m in Sources */,
				CEFA660016F828D2009114F7 /* StockQuoteServiceClient.m in Sources */,
				D05E29D71AD42CE1003F2B1A /* StockQuoteSoap_XMLClient.m in Sources */,
			);
			runOnlyForDeploymentPostprocessing = 0;
		};
/* End PBXSourcesBuildPhase section */

/* Begin PBXVariantGroup section */
		CEFA65CA16F82843009114F7 /* InfoPlist.strings */ = {
			isa = PBXVariantGroup;
			children = (
				CEFA65CB16F82843009114F7 /* en */,
			);
			name = InfoPlist.strings;
			sourceTree = "<group>";
		};
/* End PBXVariantGroup section */

/* Begin XCBuildConfiguration section */
		CEFA65E216F82843009114F7 /* Debug */ = {
			isa = XCBuildConfiguration;
			buildSettings = {
				ALWAYS_SEARCH_USER_PATHS = NO;
				CLANG_CXX_LANGUAGE_STANDARD = "gnu++0x";
				CLANG_CXX_LIBRARY = "libc++";
				CLANG_WARN_EMPTY_BODY = YES;
				CLANG_WARN__DUPLICATE_METHOD_MATCH = YES;
				CODE_SIGN_ENTITLEMENTS = StockQuote/Entitlements.plist;
				"CODE_SIGN_IDENTITY[sdk=iphoneos*]" = "iPhone Developer";
				COPY_PHASE_STRIP = NO;
				ENABLE_TESTABILITY = YES;
				GCC_C_LANGUAGE_STANDARD = gnu99;
				GCC_DYNAMIC_NO_PIC = NO;
				GCC_OPTIMIZATION_LEVEL = 0;
				GCC_PREPROCESSOR_DEFINITIONS = (
					"DEBUG=1",
					"$(inherited)",
				);
				GCC_SYMBOLS_PRIVATE_EXTERN = NO;
				GCC_WARN_ABOUT_RETURN_TYPE = YES;
				GCC_WARN_UNINITIALIZED_AUTOS = YES;
				GCC_WARN_UNUSED_VARIABLE = YES;
				IPHONEOS_DEPLOYMENT_TARGET = 6.0;
				ONLY_ACTIVE_ARCH = YES;
				SDKROOT = iphoneos;
				TARGETED_DEVICE_FAMILY = "1,2";
			};
			name = Debug;
		};
		CEFA65E316F82843009114F7 /* Release */ = {
			isa = XCBuildConfiguration;
			buildSettings = {
				ALWAYS_SEARCH_USER_PATHS = NO;
				CLANG_CXX_LANGUAGE_STANDARD = "gnu++0x";
				CLANG_CXX_LIBRARY = "libc++";
				CLANG_WARN_EMPTY_BODY = YES;
				CLANG_WARN__DUPLICATE_METHOD_MATCH = YES;
				CODE_SIGN_ENTITLEMENTS = StockQuote/Entitlements.plist;
				"CODE_SIGN_IDENTITY[sdk=iphoneos*]" = "iPhone Developer";
				COPY_PHASE_STRIP = YES;
				GCC_C_LANGUAGE_STANDARD = gnu99;
				GCC_WARN_ABOUT_RETURN_TYPE = YES;
				GCC_WARN_UNINITIALIZED_AUTOS = YES;
				GCC_WARN_UNUSED_VARIABLE = YES;
				IPHONEOS_DEPLOYMENT_TARGET = 6.0;
				ONLY_ACTIVE_ARCH = YES;
				OTHER_CFLAGS = "-DNS_BLOCK_ASSERTIONS=1";
				SDKROOT = iphoneos;
				TARGETED_DEVICE_FAMILY = "1,2";
				VALIDATE_PRODUCT = YES;
			};
			name = Release;
		};
		CEFA65E516F82843009114F7 /* Debug */ = {
			isa = XCBuildConfiguration;
			baseConfigurationReference = 4B624CA642F71908A1A95029 /* Pods-StockQuote.debug.xcconfig */;
			buildSettings = {
				CLANG_ENABLE_OBJC_ARC = YES;
				"CODE_SIGN_IDENTITY[sdk=iphoneos*]" = "iPhone Developer";
				GCC_PRECOMPILE_PREFIX_HEADER = YES;
				GCC_PREFIX_HEADER = "StockQuote/StockQuote-Prefix.pch";
				HEADER_SEARCH_PATHS = "$(inherited)";
				INFOPLIST_FILE = "StockQuote/StockQuote-Info.plist";
				IPHONEOS_DEPLOYMENT_TARGET = 7.1;
				PRODUCT_BUNDLE_IDENTIFIER = "Leansoft.${PRODUCT_NAME:rfc1034identifier}";
				PRODUCT_NAME = "$(TARGET_NAME)";
				"PROVISIONING_PROFILE[sdk=iphoneos*]" = "";
				USER_HEADER_SEARCH_PATHS = "";
				WRAPPER_EXTENSION = app;
			};
			name = Debug;
		};
		CEFA65E616F82843009114F7 /* Release */ = {
			isa = XCBuildConfiguration;
			baseConfigurationReference = 346F329CD7E09444CA2CDFDF /* Pods-StockQuote.release.xcconfig */;
			buildSettings = {
				CLANG_ENABLE_OBJC_ARC = YES;
				"CODE_SIGN_IDENTITY[sdk=iphoneos*]" = "iPhone Developer";
				GCC_PRECOMPILE_PREFIX_HEADER = YES;
				GCC_PREFIX_HEADER = "StockQuote/StockQuote-Prefix.pch";
				HEADER_SEARCH_PATHS = "$(inherited)";
				INFOPLIST_FILE = "StockQuote/StockQuote-Info.plist";
				IPHONEOS_DEPLOYMENT_TARGET = 7.1;
				PRODUCT_BUNDLE_IDENTIFIER = "Leansoft.${PRODUCT_NAME:rfc1034identifier}";
				PRODUCT_NAME = "$(TARGET_NAME)";
				"PROVISIONING_PROFILE[sdk=iphoneos*]" = "";
				USER_HEADER_SEARCH_PATHS = "";
				WRAPPER_EXTENSION = app;
			};
			name = Release;
		};
		D05E29C61AD42C37003F2B1A /* Debug */ = {
			isa = XCBuildConfiguration;
			buildSettings = {
				PRODUCT_NAME = "$(TARGET_NAME)";
			};
			name = Debug;
		};
		D05E29C71AD42C37003F2B1A /* Release */ = {
			isa = XCBuildConfiguration;
			buildSettings = {
				PRODUCT_NAME = "$(TARGET_NAME)";
			};
			name = Release;
		};
/* End XCBuildConfiguration section */

/* Begin XCConfigurationList section */
		CEFA65B716F82843009114F7 /* Build configuration list for PBXProject "StockQuote" */ = {
			isa = XCConfigurationList;
			buildConfigurations = (
				CEFA65E216F82843009114F7 /* Debug */,
				CEFA65E316F82843009114F7 /* Release */,
			);
			defaultConfigurationIsVisible = 0;
			defaultConfigurationName = Release;
		};
		CEFA65E416F82843009114F7 /* Build configuration list for PBXNativeTarget "StockQuote" */ = {
			isa = XCConfigurationList;
			buildConfigurations = (
				CEFA65E516F82843009114F7 /* Debug */,
				CEFA65E616F82843009114F7 /* Release */,
			);
			defaultConfigurationIsVisible = 0;
			defaultConfigurationName = Release;
		};
		D05E29C51AD42C37003F2B1A /* Build configuration list for PBXAggregateTarget "mwsc" */ = {
			isa = XCConfigurationList;
			buildConfigurations = (
				D05E29C61AD42C37003F2B1A /* Debug */,
				D05E29C71AD42C37003F2B1A /* Release */,
			);
			defaultConfigurationIsVisible = 0;
			defaultConfigurationName = Release;
		};
/* End XCConfigurationList section */
	};
	rootObject = CEFA65B416F82843009114F7 /* Project object */;
}
